
Microsoft Visual Studio Solution File, Format Version 12.00
# Visual Studio Version 17
VisualStudioVersion = 17.3.32929.385
MinimumVisualStudioVersion = 10.0.40219.1
Project("{FAE04EC0-301F-11D3-BF4B-00C04F79EFBC}") = "tp1", "tp1.csproj", "{250B775A-3AC2-4CF3-8CC9-04FCEF7A14B2}"
EndProject
Global
	GlobalSection(SolutionConfigurationPlatforms) = preSolution
		Debug|Any CPU = Debug|Any CPU
		Release|Any CPU = Release|Any CPU
	EndGlobalSection
	GlobalSection(ProjectConfigurationPlatforms) = postSolution
		{250B775A-3AC2-4CF3-8CC9-04FCEF7A14B2}.Debug|Any CPU.ActiveCfg = Debug|Any CPU
		{250B775A-3AC2-4CF3-8CC9-04FCEF7A14B2}.Debug|Any CPU.Build.0 = Debug|Any CPU
		{250B775A-3AC2-4CF3-8CC9-04FCEF7A14B2}.Release|Any CPU.ActiveCfg = Release|Any CPU
		{250B775A-3AC2-4CF3-8CC9-04FCEF7A14B2}.Release|Any CPU.Build.0 = Release|Any CPU
	EndGlobalSection
	GlobalSection(SolutionProperties) = preSolution
		HideSolutionNode = FALSE
	EndGlobalSection
	GlobalSection(ExtensibilityGlobals) = postSolution
		SolutionGuid = {8FA60DA6-66AF-4F29-9864-7AA92E0EAF1F}
	EndGlobalSection
EndGlobal
